
Microsoft Visual Studio Solution File, Format Version 12.00
# Visual Studio Version 17
VisualStudioVersion = 17.7.34202.233
MinimumVisualStudioVersion = 10.0.40219.1
Project("{FAE04EC0-301F-11D3-BF4B-00C04F79EFBC}") = "PRACTICA 2 U3 10", "PRACTICA 2 U3 10\PRACTICA 2 U3 10.csproj", "{0B3495B7-EB1D-45E5-A567-5F040106D875}"
EndProject
Global
	GlobalSection(SolutionConfigurationPlatforms) = preSolution
		Debug|Any CPU = Debug|Any CPU
		Release|Any CPU = Release|Any CPU
	EndGlobalSection
	GlobalSection(ProjectConfigurationPlatforms) = postSolution
		{0B3495B7-EB1D-45E5-A567-5F040106D875}.Debug|Any CPU.ActiveCfg = Debug|Any CPU
		{0B3495B7-EB1D-45E5-A567-5F040106D875}.Debug|Any CPU.Build.0 = Debug|Any CPU
		{0B3495B7-EB1D-45E5-A567-5F040106D875}.Release|Any CPU.ActiveCfg = Release|Any CPU
		{0B3495B7-EB1D-45E5-A567-5F040106D875}.Release|Any CPU.Build.0 = Release|Any CPU
	EndGlobalSection
	GlobalSection(SolutionProperties) = preSolution
		HideSolutionNode = FALSE
	EndGlobalSection
	GlobalSection(ExtensibilityGlobals) = postSolution
		SolutionGuid = {B76BF04F-4C68-428B-B932-5529CF447686}
	EndGlobalSection
EndGlobal
